{
  "name": "Vortex",
  "lockfileVersion": 3,
  "requires": true,
  "packages": {
    "": {
      "dependencies": {
        "@tanstack/react-query": "^5.95.2",
        "@tanstack/react-query-devtools": "^5.95.2"
      }
    },
    "node_modules/@tanstack/query-core": {
      "version": "5.95.2",
      "resolved": "https://registry.npmjs.org/@tanstack/query-core/-/query-core-5.95.2.tgz",
      "integrity": "sha512-o4T8vZHZET4Bib3jZ/tCW9/7080urD4c+0/AUaYVpIqOsr7y0reBc1oX3ttNaSW5mYyvZHctiQ/UOP2PfdmFEQ==",
      "license": "MIT",
      "funding": {
        "type": "github",
        "url": "https://github.com/sponsors/tannerlinsley"
      }
    },
    "node_modules/@tanstack/query-devtools": {
      "version": "5.95.2",
      "resolved": "https://registry.npmjs.org/@tanstack/query-devtools/-/query-devtools-5.95.2.tgz",
      "integrity": "sha512-QfaoqBn9uAZ+ICkA8brd1EHj+qBF6glCFgt94U8XP5BT6ppSsDBI8IJ00BU+cAGjQzp6wcKJL2EmRYvxy0TWIg==",
      "license": "MIT",
      "funding": {
        "type": "github",
        "url": "https://github.com/sponsors/tannerlinsley"
      }
    },
    "node_modules/@tanstack/react-query": {
      "version": "5.95.2",
      "resolved": "https://registry.npmjs.org/@tanstack/react-query/-/react-query-5.95.2.tgz",
      "integrity": "sha512-/wGkvLj/st5Ud1Q76KF1uFxScV7WeqN1slQx5280ycwAyYkIPGaRZAEgHxe3bjirSd5Zpwkj6zNcR4cqYni/ZA==",
      "license": "MIT",
      "dependencies": {
        "@tanstack/query-core": "5.95.2"
      },
      "funding": {
        "type": "github",
        "url": "https://github.com/sponsors/tannerlinsley"
      },
      "peerDependencies": {
        "react": "^18 || ^19"
      }
    },
    "node_modules/@tanstack/react-query-devtools": {
      "version": "5.95.2",
      "resolved": "https://registry.npmjs.org/@tanstack/react-query-devtools/-/react-query-devtools-5.95.2.tgz",
      "integrity": "sha512-AFQFmbznVkbtfpx8VJ2DylW17wWagQel/qLstVLkYmNRo2CmJt3SNej5hvl6EnEeljJIdC3BTB+W7HZtpsH+3g==",
      "license": "MIT",
      "dependencies": {
        "@tanstack/query-devtools": "5.95.2"
      },
      "funding": {
        "type": "github",
        "url": "https://github.com/sponsors/tannerlinsley"
      },
      "peerDependencies": {
        "@tanstack/react-query": "^5.95.2",
        "react": "^18 || ^19"
      }
    },
    "node_modules/react": {
      "version": "19.2.4",
      "resolved": "https://registry.npmjs.org/react/-/react-19.2.4.tgz",
      "integrity": "sha512-9nfp2hYpCwOjAN+8TZFGhtWEwgvWHXqESH8qT89AT/lWklpLON22Lc8pEtnpsZz7VmawabSU0gCjnj8aC0euHQ==",
      "license": "MIT",
      "peer": true,
      "engines": {
        "node": ">=0.10.0"
      }
    }
  }
}
